{
  "originHash" : "95e958b6af72876861385c8fe989376038903d5ac995312fce73636460ff2b1a",
  "pins" : [
    {
      "identity" : "alamofire",
      "kind" : "remoteSourceControl",
      "location" : "https://github.com/Alamofire/Alamofire",
      "state" : {
        "revision" : "f455c2975872ccd2d9c81594c658af65716e9b9a",
        "version" : "5.9.1"
      }
    },
    {
      "identity" : "openai",
      "kind" : "remoteSourceControl",
      "location" : "https://github.com/MacPaw/OpenAI",
      "state" : {
        "revision" : "5861c597799016026e9c879fb28a8207e59a5b6b",
        "version" : "0.2.7"
      }
    }
  ],
  "version" : 3
}
