// !$*UTF8*$!
{
	archiveVersion = 1;
	classes = {
	};
	objectVersion = 56;
	objects = {

/* Begin PBXBuildFile section */
		8048C4F72BC23ACE00D2E8CA /* .gitignore in Resources */ = {isa = PBXBuildFile; fileRef = 8048C4F62BC23ACE00D2E8CA /* .gitignore */; };
		80D73F7F2BC247DC002AFB48 /* StartButton.swift in Sources */ = {isa = PBXBuildFile; fileRef = 80D73F7C2BC247DC002AFB48 /* StartButton.swift */; };
		80D73F802BC247DC002AFB48 /* Slider.swift in Sources */ = {isa = PBXBuildFile; fileRef = 80D73F7D2BC247DC002AFB48 /* Slider.swift */; };
		80D73F812BC247DC002AFB48 /* SurveyButton.swift in Sources */ = {isa = PBXBuildFile; fileRef = 80D73F7E2BC247DC002AFB48 /* SurveyButton.swift */; };
		80D73F842BC247E7002AFB48 /* QuestionView.swift in Sources */ = {isa = PBXBuildFile; fileRef = 80D73F822BC247E7002AFB48 /* QuestionView.swift */; };
		80D73F852BC247E7002AFB48 /* LogInView.swift in Sources */ = {isa = PBXBuildFile; fileRef = 80D73F832BC247E7002AFB48 /* LogInView.swift */; };
		80D73F882BC24F40002AFB48 /* OpenAI in Frameworks */ = {isa = PBXBuildFile; productRef = 80D73F872BC24F40002AFB48 /* OpenAI */; };
		80FEEC6A2BC16BB300759AF5 /* hk2024_tatrainvestApp.swift in Sources */ = {isa = PBXBuildFile; fileRef = 80FEEC692BC16BB300759AF5 /* hk2024_tatrainvestApp.swift */; };
		80FEEC6E2BC16BB500759AF5 /* Assets.xcassets in Resources */ = {isa = PBXBuildFile; fileRef = 80FEEC6D2BC16BB500759AF5 /* Assets.xcassets */; };
		80FEEC712BC16BB500759AF5 /* Preview Assets.xcassets in Resources */ = {isa = PBXBuildFile; fileRef = 80FEEC702BC16BB500759AF5 /* Preview Assets.xcassets */; };
		80FEEC7B2BC17A8400759AF5 /* DashboardView.swift in Sources */ = {isa = PBXBuildFile; fileRef = 80FEEC7A2BC17A8400759AF5 /* DashboardView.swift */; };
		80FEEC7F2BC17ACB00759AF5 /* TopBarView.swift in Sources */ = {isa = PBXBuildFile; fileRef = 80FEEC7E2BC17ACB00759AF5 /* TopBarView.swift */; };
		80FEEC832BC17BE200759AF5 /* BottomNavBarView.swift in Sources */ = {isa = PBXBuildFile; fileRef = 80FEEC822BC17BE200759AF5 /* BottomNavBarView.swift */; };
		80FEEC872BC1D97800759AF5 /* DiscussView.swift in Sources */ = {isa = PBXBuildFile; fileRef = 80FEEC862BC1D97800759AF5 /* DiscussView.swift */; };
/* End PBXBuildFile section */

/* Begin PBXFileReference section */
		8048C4F62BC23ACE00D2E8CA /* .gitignore */ = {isa = PBXFileReference; lastKnownFileType = text; path = .gitignore; sourceTree = "<group>"; };
		80D73F7C2BC247DC002AFB48 /* StartButton.swift */ = {isa = PBXFileReference; fileEncoding = 4; lastKnownFileType = sourcecode.swift; path = StartButton.swift; sourceTree = "<group>"; };
		80D73F7D2BC247DC002AFB48 /* Slider.swift */ = {isa = PBXFileReference; fileEncoding = 4; lastKnownFileType = sourcecode.swift; path = Slider.swift; sourceTree = "<group>"; };
		80D73F7E2BC247DC002AFB48 /* SurveyButton.swift */ = {isa = PBXFileReference; fileEncoding = 4; lastKnownFileType = sourcecode.swift; path = SurveyButton.swift; sourceTree = "<group>"; };
		80D73F822BC247E7002AFB48 /* QuestionView.swift */ = {isa = PBXFileReference; fileEncoding = 4; lastKnownFileType = sourcecode.swift; path = QuestionView.swift; sourceTree = "<group>"; };
		80D73F832BC247E7002AFB48 /* LogInView.swift */ = {isa = PBXFileReference; fileEncoding = 4; lastKnownFileType = sourcecode.swift; path = LogInView.swift; sourceTree = "<group>"; };
		80FEEC662BC16BB300759AF5 /* hk2024-tatrainvest.app */ = {isa = PBXFileReference; explicitFileType = wrapper.application; includeInIndex = 0; path = "hk2024-tatrainvest.app"; sourceTree = BUILT_PRODUCTS_DIR; };
		80FEEC692BC16BB300759AF5 /* hk2024_tatrainvestApp.swift */ = {isa = PBXFileReference; lastKnownFileType = sourcecode.swift; path = hk2024_tatrainvestApp.swift; sourceTree = "<group>"; };
		80FEEC6D2BC16BB500759AF5 /* Assets.xcassets */ = {isa = PBXFileReference; lastKnownFileType = folder.assetcatalog; path = Assets.xcassets; sourceTree = "<group>"; };
		80FEEC702BC16BB500759AF5 /* Preview Assets.xcassets */ = {isa = PBXFileReference; lastKnownFileType = folder.assetcatalog; path = "Preview Assets.xcassets"; sourceTree = "<group>"; };
		80FEEC7A2BC17A8400759AF5 /* DashboardView.swift */ = {isa = PBXFileReference; lastKnownFileType = sourcecode.swift; path = DashboardView.swift; sourceTree = "<group>"; };
		80FEEC7E2BC17ACB00759AF5 /* TopBarView.swift */ = {isa = PBXFileReference; lastKnownFileType = sourcecode.swift; path = TopBarView.swift; sourceTree = "<group>"; };
		80FEEC822BC17BE200759AF5 /* BottomNavBarView.swift */ = {isa = PBXFileReference; lastKnownFileType = sourcecode.swift; path = BottomNavBarView.swift; sourceTree = "<group>"; };
		80FEEC862BC1D97800759AF5 /* DiscussView.swift */ = {isa = PBXFileReference; fileEncoding = 4; lastKnownFileType = sourcecode.swift; path = DiscussView.swift; sourceTree = "<group>"; };
/* End PBXFileReference section */

/* Begin PBXFrameworksBuildPhase section */
		80FEEC632BC16BB300759AF5 /* Frameworks */ = {
			isa = PBXFrameworksBuildPhase;
			buildActionMask = 2147483647;
			files = (
				80D73F882BC24F40002AFB48 /* OpenAI in Frameworks */,
			);
			runOnlyForDeploymentPostprocessing = 0;
		};
/* End PBXFrameworksBuildPhase section */

/* Begin PBXGroup section */
		80FEEC5D2BC16BB300759AF5 = {
			isa = PBXGroup;
			children = (
				8048C4F62BC23ACE00D2E8CA /* .gitignore */,
				80FEEC682BC16BB300759AF5 /* hk2024-tatrainvest */,
				80FEEC672BC16BB300759AF5 /* Products */,
			);
			sourceTree = "<group>";
		};
		80FEEC672BC16BB300759AF5 /* Products */ = {
			isa = PBXGroup;
			children = (
				80FEEC662BC16BB300759AF5 /* hk2024-tatrainvest.app */,
			);
			name = Products;
			sourceTree = "<group>";
		};
		80FEEC682BC16BB300759AF5 /* hk2024-tatrainvest */ = {
			isa = PBXGroup;
			children = (
				80FEEC692BC16BB300759AF5 /* hk2024_tatrainvestApp.swift */,
				80FEEC772BC17A3F00759AF5 /* Views */,
				80FEEC6D2BC16BB500759AF5 /* Assets.xcassets */,
				80FEEC6F2BC16BB500759AF5 /* Preview Content */,
			);
			path = "hk2024-tatrainvest";
			sourceTree = "<group>";
		};
		80FEEC6F2BC16BB500759AF5 /* Preview Content */ = {
			isa = PBXGroup;
			children = (
				80FEEC702BC16BB500759AF5 /* Preview Assets.xcassets */,
			);
			path = "Preview Content";
			sourceTree = "<group>";
		};
		80FEEC772BC17A3F00759AF5 /* Views */ = {
			isa = PBXGroup;
			children = (
				80FEEC792BC17A5C00759AF5 /* Screens */,
				80FEEC782BC17A4D00759AF5 /* Components */,
			);
			path = Views;
			sourceTree = "<group>";
		};
		80FEEC782BC17A4D00759AF5 /* Components */ = {
			isa = PBXGroup;
			children = (
				80D73F7D2BC247DC002AFB48 /* Slider.swift */,
				80D73F7C2BC247DC002AFB48 /* StartButton.swift */,
				80D73F7E2BC247DC002AFB48 /* SurveyButton.swift */,
				80FEEC862BC1D97800759AF5 /* DiscussView.swift */,
				80FEEC7E2BC17ACB00759AF5 /* TopBarView.swift */,
				80FEEC822BC17BE200759AF5 /* BottomNavBarView.swift */,
			);
			path = Components;
			sourceTree = "<group>";
		};
		80FEEC792BC17A5C00759AF5 /* Screens */ = {
			isa = PBXGroup;
			children = (
				80D73F832BC247E7002AFB48 /* LogInView.swift */,
				80D73F822BC247E7002AFB48 /* QuestionView.swift */,
				80FEEC7A2BC17A8400759AF5 /* DashboardView.swift */,
			);
			path = Screens;
			sourceTree = "<group>";
		};
/* End PBXGroup section */

/* Begin PBXNativeTarget section */
		80FEEC652BC16BB300759AF5 /* hk2024-tatrainvest */ = {
			isa = PBXNativeTarget;
			buildConfigurationList = 80FEEC742BC16BB500759AF5 /* Build configuration list for PBXNativeTarget "hk2024-tatrainvest" */;
			buildPhases = (
				80FEEC622BC16BB300759AF5 /* Sources */,
				80FEEC632BC16BB300759AF5 /* Frameworks */,
				80FEEC642BC16BB300759AF5 /* Resources */,
			);
			buildRules = (
			);
			dependencies = (
			);
			name = "hk2024-tatrainvest";
			packageProductDependencies = (
				80D73F872BC24F40002AFB48 /* OpenAI */,
			);
			productName = "hk2024-tatrainvest";
			productReference = 80FEEC662BC16BB300759AF5 /* hk2024-tatrainvest.app */;
			productType = "com.apple.product-type.application";
		};
/* End PBXNativeTarget section */

/* Begin PBXProject section */
		80FEEC5E2BC16BB300759AF5 /* Project object */ = {
			isa = PBXProject;
			attributes = {
				BuildIndependentTargetsInParallel = 1;
				LastSwiftUpdateCheck = 1530;
				LastUpgradeCheck = 1530;
				TargetAttributes = {
					80FEEC652BC16BB300759AF5 = {
						CreatedOnToolsVersion = 15.3;
					};
				};
			};
			buildConfigurationList = 80FEEC612BC16BB300759AF5 /* Build configuration list for PBXProject "hk2024-tatrainvest" */;
			compatibilityVersion = "Xcode 14.0";
			developmentRegion = en;
			hasScannedForEncodings = 0;
			knownRegions = (
				en,
				Base,
			);
			mainGroup = 80FEEC5D2BC16BB300759AF5;
			packageReferences = (
				80D73F862BC24F40002AFB48 /* XCRemoteSwiftPackageReference "OpenAI" */,
			);
			productRefGroup = 80FEEC672BC16BB300759AF5 /* Products */;
			projectDirPath = "";
			projectRoot = "";
			targets = (
				80FEEC652BC16BB300759AF5 /* hk2024-tatrainvest */,
			);
		};
/* End PBXProject section */

/* Begin PBXResourcesBuildPhase section */
		80FEEC642BC16BB300759AF5 /* Resources */ = {
			isa = PBXResourcesBuildPhase;
			buildActionMask = 2147483647;
			files = (
				80FEEC712BC16BB500759AF5 /* Preview Assets.xcassets in Resources */,
				8048C4F72BC23ACE00D2E8CA /* .gitignore in Resources */,
				80FEEC6E2BC16BB500759AF5 /* Assets.xcassets in Resources */,
			);
			runOnlyForDeploymentPostprocessing = 0;
		};
/* End PBXResourcesBuildPhase section */

/* Begin PBXSourcesBuildPhase section */
		80FEEC622BC16BB300759AF5 /* Sources */ = {
			isa = PBXSourcesBuildPhase;
			buildActionMask = 2147483647;
			files = (
				80D73F852BC247E7002AFB48 /* LogInView.swift in Sources */,
				80D73F7F2BC247DC002AFB48 /* StartButton.swift in Sources */,
				80FEEC7B2BC17A8400759AF5 /* DashboardView.swift in Sources */,
				80FEEC832BC17BE200759AF5 /* BottomNavBarView.swift in Sources */,
				80FEEC7F2BC17ACB00759AF5 /* TopBarView.swift in Sources */,
				80FEEC6A2BC16BB300759AF5 /* hk2024_tatrainvestApp.swift in Sources */,
				80FEEC872BC1D97800759AF5 /* DiscussView.swift in Sources */,
				80D73F802BC247DC002AFB48 /* Slider.swift in Sources */,
				80D73F842BC247E7002AFB48 /* QuestionView.swift in Sources */,
				80D73F812BC247DC002AFB48 /* SurveyButton.swift in Sources */,
			);
			runOnlyForDeploymentPostprocessing = 0;
		};
/* End PBXSourcesBuildPhase section */

/* Begin XCBuildConfiguration section */
		80FEEC722BC16BB500759AF5 /* Debug */ = {
			isa = XCBuildConfiguration;
			buildSettings = {
				ALWAYS_SEARCH_USER_PATHS = NO;
				ASSETCATALOG_COMPILER_GENERATE_SWIFT_ASSET_SYMBOL_EXTENSIONS = YES;
				CLANG_ANALYZER_NONNULL = YES;
				CLANG_ANALYZER_NUMBER_OBJECT_CONVERSION = YES_AGGRESSIVE;
				CLANG_CXX_LANGUAGE_STANDARD = "gnu++20";
				CLANG_ENABLE_MODULES = YES;
				CLANG_ENABLE_OBJC_ARC = YES;
				CLANG_ENABLE_OBJC_WEAK = YES;
				CLANG_WARN_BLOCK_CAPTURE_AUTORELEASING = YES;
				CLANG_WARN_BOOL_CONVERSION = YES;
				CLANG_WARN_COMMA = YES;
				CLANG_WARN_CONSTANT_CONVERSION = YES;
				CLANG_WARN_DEPRECATED_OBJC_IMPLEMENTATIONS = YES;
				CLANG_WARN_DIRECT_OBJC_ISA_USAGE = YES_ERROR;
				CLANG_WARN_DOCUMENTATION_COMMENTS = YES;
				CLANG_WARN_EMPTY_BODY = YES;
				CLANG_WARN_ENUM_CONVERSION = YES;
				CLANG_WARN_INFINITE_RECURSION = YES;
				CLANG_WARN_INT_CONVERSION = YES;
				CLANG_WARN_NON_LITERAL_NULL_CONVERSION = YES;
				CLANG_WARN_OBJC_IMPLICIT_RETAIN_SELF = YES;
				CLANG_WARN_OBJC_LITERAL_CONVERSION = YES;
				CLANG_WARN_OBJC_ROOT_CLASS = YES_ERROR;
				CLANG_WARN_QUOTED_INCLUDE_IN_FRAMEWORK_HEADER = YES;
				CLANG_WARN_RANGE_LOOP_ANALYSIS = YES;
				CLANG_WARN_STRICT_PROTOTYPES = YES;
				CLANG_WARN_SUSPICIOUS_MOVE = YES;
				CLANG_WARN_UNGUARDED_AVAILABILITY = YES_AGGRESSIVE;
				CLANG_WARN_UNREACHABLE_CODE = YES;
				CLANG_WARN__DUPLICATE_METHOD_MATCH = YES;
				COPY_PHASE_STRIP = NO;
				DEBUG_INFORMATION_FORMAT = dwarf;
				ENABLE_STRICT_OBJC_MSGSEND = YES;
				ENABLE_TESTABILITY = YES;
				ENABLE_USER_SCRIPT_SANDBOXING = YES;
				GCC_C_LANGUAGE_STANDARD = gnu17;
				GCC_DYNAMIC_NO_PIC = NO;
				GCC_NO_COMMON_BLOCKS = YES;
				GCC_OPTIMIZATION_LEVEL = 0;
				GCC_PREPROCESSOR_DEFINITIONS = (
					"DEBUG=1",
					"$(inherited)",
				);
				GCC_WARN_64_TO_32_BIT_CONVERSION = YES;
				GCC_WARN_ABOUT_RETURN_TYPE = YES_ERROR;
				GCC_WARN_UNDECLARED_SELECTOR = YES;
				GCC_WARN_UNINITIALIZED_AUTOS = YES_AGGRESSIVE;
				GCC_WARN_UNUSED_FUNCTION = YES;
				GCC_WARN_UNUSED_VARIABLE = YES;
				IPHONEOS_DEPLOYMENT_TARGET = 17.4;
				LOCALIZATION_PREFERS_STRING_CATALOGS = YES;
				MTL_ENABLE_DEBUG_INFO = INCLUDE_SOURCE;
				MTL_FAST_MATH = YES;
				ONLY_ACTIVE_ARCH = YES;
				SDKROOT = iphoneos;
				SWIFT_ACTIVE_COMPILATION_CONDITIONS = "DEBUG $(inherited)";
				SWIFT_OPTIMIZATION_LEVEL = "-Onone";
			};
			name = Debug;
		};
		80FEEC732BC16BB500759AF5 /* Release */ = {
			isa = XCBuildConfiguration;
			buildSettings = {
				ALWAYS_SEARCH_USER_PATHS = NO;
				ASSETCATALOG_COMPILER_GENERATE_SWIFT_ASSET_SYMBOL_EXTENSIONS = YES;
				CLANG_ANALYZER_NONNULL = YES;
				CLANG_ANALYZER_NUMBER_OBJECT_CONVERSION = YES_AGGRESSIVE;
				CLANG_CXX_LANGUAGE_STANDARD = "gnu++20";
				CLANG_ENABLE_MODULES = YES;
				CLANG_ENABLE_OBJC_ARC = YES;
				CLANG_ENABLE_OBJC_WEAK = YES;
				CLANG_WARN_BLOCK_CAPTURE_AUTORELEASING = YES;
				CLANG_WARN_BOOL_CONVERSION = YES;
				CLANG_WARN_COMMA = YES;
				CLANG_WARN_CONSTANT_CONVERSION = YES;
				CLANG_WARN_DEPRECATED_OBJC_IMPLEMENTATIONS = YES;
				CLANG_WARN_DIRECT_OBJC_ISA_USAGE = YES_ERROR;
				CLANG_WARN_DOCUMENTATION_COMMENTS = YES;
				CLANG_WARN_EMPTY_BODY = YES;
				CLANG_WARN_ENUM_CONVERSION = YES;
				CLANG_WARN_INFINITE_RECURSION = YES;
				CLANG_WARN_INT_CONVERSION = YES;
				CLANG_WARN_NON_LITERAL_NULL_CONVERSION = YES;
				CLANG_WARN_OBJC_IMPLICIT_RETAIN_SELF = YES;
				CLANG_WARN_OBJC_LITERAL_CONVERSION = YES;
				CLANG_WARN_OBJC_ROOT_CLASS = YES_ERROR;
				CLANG_WARN_QUOTED_INCLUDE_IN_FRAMEWORK_HEADER = YES;
				CLANG_WARN_RANGE_LOOP_ANALYSIS = YES;
				CLANG_WARN_STRICT_PROTOTYPES = YES;
				CLANG_WARN_SUSPICIOUS_MOVE = YES;
				CLANG_WARN_UNGUARDED_AVAILABILITY = YES_AGGRESSIVE;
				CLANG_WARN_UNREACHABLE_CODE = YES;
				CLANG_WARN__DUPLICATE_METHOD_MATCH = YES;
				COPY_PHASE_STRIP = NO;
				DEBUG_INFORMATION_FORMAT = "dwarf-with-dsym";
				ENABLE_NS_ASSERTIONS = NO;
				ENABLE_STRICT_OBJC_MSGSEND = YES;
				ENABLE_USER_SCRIPT_SANDBOXING = YES;
				GCC_C_LANGUAGE_STANDARD = gnu17;
				GCC_NO_COMMON_BLOCKS = YES;
				GCC_WARN_64_TO_32_BIT_CONVERSION = YES;
				GCC_WARN_ABOUT_RETURN_TYPE = YES_ERROR;
				GCC_WARN_UNDECLARED_SELECTOR = YES;
				GCC_WARN_UNINITIALIZED_AUTOS = YES_AGGRESSIVE;
				GCC_WARN_UNUSED_FUNCTION = YES;
				GCC_WARN_UNUSED_VARIABLE = YES;
				IPHONEOS_DEPLOYMENT_TARGET = 17.4;
				LOCALIZATION_PREFERS_STRING_CATALOGS = YES;
				MTL_ENABLE_DEBUG_INFO = NO;
				MTL_FAST_MATH = YES;
				SDKROOT = iphoneos;
				SWIFT_COMPILATION_MODE = wholemodule;
				VALIDATE_PRODUCT = YES;
			};
			name = Release;
		};
		80FEEC752BC16BB500759AF5 /* Debug */ = {
			isa = XCBuildConfiguration;
			buildSettings = {
				ASSETCATALOG_COMPILER_APPICON_NAME = AppIcon;
				ASSETCATALOG_COMPILER_GLOBAL_ACCENT_COLOR_NAME = AccentColor;
				CODE_SIGN_STYLE = Automatic;
				CURRENT_PROJECT_VERSION = 1;
				DEVELOPMENT_ASSET_PATHS = "\"hk2024-tatrainvest/Preview Content\"";
				DEVELOPMENT_TEAM = THCFK5RSK2;
				ENABLE_PREVIEWS = YES;
				GENERATE_INFOPLIST_FILE = YES;
				INFOPLIST_KEY_UIApplicationSceneManifest_Generation = YES;
				INFOPLIST_KEY_UIApplicationSupportsIndirectInputEvents = YES;
				INFOPLIST_KEY_UILaunchScreen_Generation = YES;
				INFOPLIST_KEY_UISupportedInterfaceOrientations_iPad = "UIInterfaceOrientationPortrait UIInterfaceOrientationPortraitUpsideDown UIInterfaceOrientationLandscapeLeft UIInterfaceOrientationLandscapeRight";
				INFOPLIST_KEY_UISupportedInterfaceOrientations_iPhone = "UIInterfaceOrientationPortrait UIInterfaceOrientationLandscapeLeft UIInterfaceOrientationLandscapeRight";
				LD_RUNPATH_SEARCH_PATHS = (
					"$(inherited)",
					"@executable_path/Frameworks",
				);
				MARKETING_VERSION = 1.0;
				PRODUCT_BUNDLE_IDENTIFIER = "argo.hk2024-tatrainvest";
				PRODUCT_NAME = "$(TARGET_NAME)";
				SWIFT_EMIT_LOC_STRINGS = YES;
				SWIFT_VERSION = 5.0;
				TARGETED_DEVICE_FAMILY = "1,2";
			};
			name = Debug;
		};
		80FEEC762BC16BB500759AF5 /* Release */ = {
			isa = XCBuildConfiguration;
			buildSettings = {
				ASSETCATALOG_COMPILER_APPICON_NAME = AppIcon;
				ASSETCATALOG_COMPILER_GLOBAL_ACCENT_COLOR_NAME = AccentColor;
				CODE_SIGN_STYLE = Automatic;
				CURRENT_PROJECT_VERSION = 1;
				DEVELOPMENT_ASSET_PATHS = "\"hk2024-tatrainvest/Preview Content\"";
				DEVELOPMENT_TEAM = THCFK5RSK2;
				ENABLE_PREVIEWS = YES;
				GENERATE_INFOPLIST_FILE = YES;
				INFOPLIST_KEY_UIApplicationSceneManifest_Generation = YES;
				INFOPLIST_KEY_UIApplicationSupportsIndirectInputEvents = YES;
				INFOPLIST_KEY_UILaunchScreen_Generation = YES;
				INFOPLIST_KEY_UISupportedInterfaceOrientations_iPad = "UIInterfaceOrientationPortrait UIInterfaceOrientationPortraitUpsideDown UIInterfaceOrientationLandscapeLeft UIInterfaceOrientationLandscapeRight";
				INFOPLIST_KEY_UISupportedInterfaceOrientations_iPhone = "UIInterfaceOrientationPortrait UIInterfaceOrientationLandscapeLeft UIInterfaceOrientationLandscapeRight";
				LD_RUNPATH_SEARCH_PATHS = (
					"$(inherited)",
					"@executable_path/Frameworks",
				);
				MARKETING_VERSION = 1.0;
				PRODUCT_BUNDLE_IDENTIFIER = "argo.hk2024-tatrainvest";
				PRODUCT_NAME = "$(TARGET_NAME)";
				SWIFT_EMIT_LOC_STRINGS = YES;
				SWIFT_VERSION = 5.0;
				TARGETED_DEVICE_FAMILY = "1,2";
			};
			name = Release;
		};
/* End XCBuildConfiguration section */

/* Begin XCConfigurationList section */
		80FEEC612BC16BB300759AF5 /* Build configuration list for PBXProject "hk2024-tatrainvest" */ = {
			isa = XCConfigurationList;
			buildConfigurations = (
				80FEEC722BC16BB500759AF5 /* Debug */,
				80FEEC732BC16BB500759AF5 /* Release */,
			);
			defaultConfigurationIsVisible = 0;
			defaultConfigurationName = Release;
		};
		80FEEC742BC16BB500759AF5 /* Build configuration list for PBXNativeTarget "hk2024-tatrainvest" */ = {
			isa = XCConfigurationList;
			buildConfigurations = (
				80FEEC752BC16BB500759AF5 /* Debug */,
				80FEEC762BC16BB500759AF5 /* Release */,
			);
			defaultConfigurationIsVisible = 0;
			defaultConfigurationName = Release;
		};
/* End XCConfigurationList section */

/* Begin XCRemoteSwiftPackageReference section */
		80D73F862BC24F40002AFB48 /* XCRemoteSwiftPackageReference "OpenAI" */ = {
			isa = XCRemoteSwiftPackageReference;
			repositoryURL = "https://github.com/MacPaw/OpenAI";
			requirement = {
				kind = upToNextMajorVersion;
				minimumVersion = 0.2.7;
			};
		};
/* End XCRemoteSwiftPackageReference section */

/* Begin XCSwiftPackageProductDependency section */
		80D73F872BC24F40002AFB48 /* OpenAI */ = {
			isa = XCSwiftPackageProductDependency;
			package = 80D73F862BC24F40002AFB48 /* XCRemoteSwiftPackageReference "OpenAI" */;
			productName = OpenAI;
		};
/* End XCSwiftPackageProductDependency section */
	};
	rootObject = 80FEEC5E2BC16BB300759AF5 /* Project object */;
}
